{
  "lockfileVersion": 1,
  "configVersion": 1,
  "workspaces": {
    "": {
      "name": "pi-extension-terminal",
      "dependencies": {
        "@xterm/headless": "^5.5.0",
        "typebox": "npm:@sinclair/typebox@^0.34.52",
      },
    },
  },
  "packages": {
    "@xterm/headless": ["@xterm/headless@5.5.0", "", {}, "sha512-5xXB7kdQlFBP82ViMJTwwEc3gKCLGKR/eoxQm4zge7GPBl86tCdI0IdPJjoKd8mUSFXz5V7i/25sfsEkP4j46g=="],

    "typebox": ["@sinclair/typebox@0.34.52", "", {}, "sha512-XiMQh7qqVlxZzcVD+kkGMNGMzcTrDMLWI7S4x7z1MkCkbDPrekpZXEUK0eZqZFMuHQg2a2DZOcDIh9o5v3Gonw=="],
  }
}
